
Microsoft Visual Studio Solution File, Format Version 12.00
# Visual Studio 15
VisualStudioVersion = 15.0.27703.2042
MinimumVisualStudioVersion = 10.0.40219.1
Project("{FAE04EC0-301F-11D3-BF4B-00C04F79EFBC}") = "Nappa", "Nappa\Nappa.csproj", "{8C20DC2D-51A3-4F7F-AEA1-AF77D913D3F2}"
EndProject
Project("{2150E333-8FDC-42A3-9474-1A3956D46DE8}") = "Solution Items", "Solution Items", "{6DC22B40-B367-42D1-83F8-9D7BA5888237}"
	ProjectSection(SolutionItems) = preProject
		..\..\..\..\Music\artur_pirozhkov_-_zacepila_(zf.fm).mp3 = ..\..\..\..\Music\artur_pirozhkov_-_zacepila_(zf.fm).mp3
	EndProjectSection
EndProject
Global
	GlobalSection(SolutionConfigurationPlatforms) = preSolution
		Debug|Any CPU = Debug|Any CPU
		Release|Any CPU = Release|Any CPU
	EndGlobalSection
	GlobalSection(ProjectConfigurationPlatforms) = postSolution
		{8C20DC2D-51A3-4F7F-AEA1-AF77D913D3F2}.Debug|Any CPU.ActiveCfg = Debug|Any CPU
		{8C20DC2D-51A3-4F7F-AEA1-AF77D913D3F2}.Debug|Any CPU.Build.0 = Debug|Any CPU
		{8C20DC2D-51A3-4F7F-AEA1-AF77D913D3F2}.Release|Any CPU.ActiveCfg = Release|Any CPU
		{8C20DC2D-51A3-4F7F-AEA1-AF77D913D3F2}.Release|Any CPU.Build.0 = Release|Any CPU
	EndGlobalSection
	GlobalSection(SolutionProperties) = preSolution
		HideSolutionNode = FALSE
	EndGlobalSection
	GlobalSection(ExtensibilityGlobals) = postSolution
		SolutionGuid = {EAA310C8-A25E-47DB-8BCF-9B85DA63DCEA}
	EndGlobalSection
EndGlobal
